
Microsoft Visual Studio Solution File, Format Version 12.00
# Visual Studio Version 16
VisualStudioVersion = 16.0.29911.84
MinimumVisualStudioVersion = 10.0.40219.1
Project("{FAE04EC0-301F-11D3-BF4B-00C04F79EFBC}") = "BunnyWorldChallenges", "BunnyWorldChallenges.csproj", "{0B492B8A-C1F9-48D2-B5CD-FFC6B3D12AD1}"
EndProject
Global
	GlobalSection(SolutionConfigurationPlatforms) = preSolution
		Debug|Any CPU = Debug|Any CPU
		Release|Any CPU = Release|Any CPU
	EndGlobalSection
	GlobalSection(ProjectConfigurationPlatforms) = postSolution
		{0B492B8A-C1F9-48D2-B5CD-FFC6B3D12AD1}.Debug|Any CPU.ActiveCfg = Debug|Any CPU
		{0B492B8A-C1F9-48D2-B5CD-FFC6B3D12AD1}.Debug|Any CPU.Build.0 = Debug|Any CPU
		{0B492B8A-C1F9-48D2-B5CD-FFC6B3D12AD1}.Release|Any CPU.ActiveCfg = Release|Any CPU
		{0B492B8A-C1F9-48D2-B5CD-FFC6B3D12AD1}.Release|Any CPU.Build.0 = Release|Any CPU
	EndGlobalSection
	GlobalSection(SolutionProperties) = preSolution
		HideSolutionNode = FALSE
	EndGlobalSection
	GlobalSection(ExtensibilityGlobals) = postSolution
		SolutionGuid = {922F40EF-ED20-409F-BA91-C977A858A3BD}
	EndGlobalSection
EndGlobal
