
Microsoft Visual Studio Solution File, Format Version 12.00
# Visual Studio Version 16
VisualStudioVersion = 16.0.29911.84
MinimumVisualStudioVersion = 10.0.40219.1
Project("{FAE04EC0-301F-11D3-BF4B-00C04F79EFBC}") = "AdvancedBunnyWorld", "AdvancedBunnyWorld.csproj", "{E3CBB011-AED7-42D1-8A74-D1646B39C831}"
EndProject
Global
	GlobalSection(SolutionConfigurationPlatforms) = preSolution
		Debug|Any CPU = Debug|Any CPU
		Release|Any CPU = Release|Any CPU
	EndGlobalSection
	GlobalSection(ProjectConfigurationPlatforms) = postSolution
		{E3CBB011-AED7-42D1-8A74-D1646B39C831}.Debug|Any CPU.ActiveCfg = Debug|Any CPU
		{E3CBB011-AED7-42D1-8A74-D1646B39C831}.Debug|Any CPU.Build.0 = Debug|Any CPU
		{E3CBB011-AED7-42D1-8A74-D1646B39C831}.Release|Any CPU.ActiveCfg = Release|Any CPU
		{E3CBB011-AED7-42D1-8A74-D1646B39C831}.Release|Any CPU.Build.0 = Release|Any CPU
	EndGlobalSection
	GlobalSection(SolutionProperties) = preSolution
		HideSolutionNode = FALSE
	EndGlobalSection
	GlobalSection(ExtensibilityGlobals) = postSolution
		SolutionGuid = {41A1A379-6BBF-4D96-BCAC-E75D3589E04C}
	EndGlobalSection
EndGlobal
